
Microsoft Visual Studio Solution File, Format Version 12.00
# Visual Studio Version 17
VisualStudioVersion = 17.8.34322.80
MinimumVisualStudioVersion = 10.0.40219.1
Project("{FAE04EC0-301F-11D3-BF4B-00C04F79EFBC}") = "PGA_Document_Creation", "PGA_Document_Creation\PGA_Document_Creation.csproj", "{3128D5F5-CFB1-4C4D-A6A1-1E4CCE5D4EF5}"
EndProject
Global
	GlobalSection(SolutionConfigurationPlatforms) = preSolution
		Debug|Any CPU = Debug|Any CPU
		Release|Any CPU = Release|Any CPU
	EndGlobalSection
	GlobalSection(ProjectConfigurationPlatforms) = postSolution
		{3128D5F5-CFB1-4C4D-A6A1-1E4CCE5D4EF5}.Debug|Any CPU.ActiveCfg = Debug|Any CPU
		{3128D5F5-CFB1-4C4D-A6A1-1E4CCE5D4EF5}.Debug|Any CPU.Build.0 = Debug|Any CPU
		{3128D5F5-CFB1-4C4D-A6A1-1E4CCE5D4EF5}.Release|Any CPU.ActiveCfg = Release|Any CPU
		{3128D5F5-CFB1-4C4D-A6A1-1E4CCE5D4EF5}.Release|Any CPU.Build.0 = Release|Any CPU
	EndGlobalSection
	GlobalSection(SolutionProperties) = preSolution
		HideSolutionNode = FALSE
	EndGlobalSection
	GlobalSection(ExtensibilityGlobals) = postSolution
		SolutionGuid = {F24B0C8C-CEBF-4E74-A4CA-DBD29DCE29A9}
	EndGlobalSection
EndGlobal
